{
  "name": "dcisniffer",
  "version": "0.1.0",
  "lockfileVersion": 1,
  "requires": true,
  "dependencies": {
    "@types/mithril": {
      "version": "2.0.8",
      "resolved": "https://registry.npmjs.org/@types/mithril/-/mithril-2.0.8.tgz",
      "integrity": "sha512-QzVV70DqUhWfLFpMFDBI9rRxtzeUUpbhiFDpUJYSV92AePgl+Qfficgv2MOb1Ceb+lBOQU8+L+Hjf2UielQjEw==",
      "dev": true
    },
    "@types/vis": {
      "version": "4.21.22",
      "resolved": "https://registry.npmjs.org/@types/vis/-/vis-4.21.22.tgz",
      "integrity": "sha512-6RW+5yc0kOmZSfPjn7Kjjda7q96rtgvjNk9AFV52B1GA382oEYuP0p8yX00d2xbVWQbmmm+Uhinj9cRqW90NiA==",
      "dev": true,
      "requires": {
        "moment": ">=2.13.0"
      }
    },
    "moment": {
      "version": "2.29.1",
      "resolved": "https://registry.npmjs.org/moment/-/moment-2.29.1.tgz",
      "integrity": "sha512-kHmoybcPV8Sqy59DwNDY3Jefr64lK/by/da0ViFcuA4DH0vQg5Q6Ze5VimxkfQNSC+Mls/Kx53s7TjP1RhFEDQ==",
      "dev": true
    }
  }
}
